{
  "name": "songbook",
  "version": "0.0.0",
  "lockfileVersion": 1,
  "requires": true,
  "dependencies": {
    "docker-start": {
      "version": "0.0.8",
      "resolved": "https://registry.npmjs.org/docker-start/-/docker-start-0.0.8.tgz",
      "integrity": "sha512-x6rRx2VIvO0hAPuDk5JnMZWpYaupvefwl1H+8jyzeVB3iQ2wehkk/cNe0UKRjfSL+HVzwMfcfpmU9V5I434vKg=="
    }
  }
}
