{
  "name": "songbook",
  "version": "0.0.0",
  "lockfileVersion": 1,
  "requires": true,
  "dependencies": {
    "docker-start": {
      "version": "0.0.7",
      "resolved": "https://registry.npmjs.org/docker-start/-/docker-start-0.0.7.tgz",
      "integrity": "sha512-ecc/cARdMh4Sja/+EGbEbLyBRpbhY8hFKM0j99Uk4EZHnptFH9D8mhZsxxot3UITBr5V6Fkwt3SpvYIKZ2k1yQ=="
    }
  }
}
