{
  "name": "songbook",
  "version": "0.0.0",
  "lockfileVersion": 1,
  "requires": true,
  "dependencies": {
    "docker-start": {
      "version": "0.5.0",
      "resolved": "https://registry.npmjs.org/docker-start/-/docker-start-0.5.0.tgz",
      "integrity": "sha512-9wxyNLbxlNWzduye+xFjjc5nvG7mbX3WwKftlqkSwu9tIC8Se0TE5I1EbjNZS1Y9Ad1CD1dfX5zFsaG7sBzV9w=="
    }
  }
}
