# THIS IS AN AUTOGENERATED FILE. DO NOT EDIT THIS FILE DIRECTLY.
# yarn lockfile v1


"@isbl/docker-start@^0.9.1":
  version "0.9.1"
  resolved "https://registry.yarnpkg.com/@isbl/docker-start/-/docker-start-0.9.1.tgz#07ca1ea2985da0a0a1d1ed8c3b5e212293e5c380"
  integrity sha512-ld0IlR2Puse/eafUjTd+n8x8ZWNrMzkKAPfPTTod2vWv/zoDz+7LtZ4Cz+m3kVnp/6SCuAIcBHgdr1X2s1Be1w==
  dependencies:
    "@types/node" "^14.14.37"

"@types/node@^14.14.37":
  version "14.17.9"
  resolved "https://registry.yarnpkg.com/@types/node/-/node-14.17.9.tgz#b97c057e6138adb7b720df2bd0264b03c9f504fd"
  integrity sha512-CMjgRNsks27IDwI785YMY0KLt3co/c0cQ5foxHYv/shC2w8oOnVwz5Ubq1QG5KzrcW+AXk6gzdnxIkDnTvzu3g==
